{
  "object": {
    "pins": [
      {
        "package": "CryptoSwift",
        "repositoryURL": "https://github.com/krzyzanowskim/CryptoSwift.git",
        "state": {
          "branch": null,
          "revision": "039f56c5d7960f277087a0be51f5eb04ed0ec073",
          "version": "1.5.1"
        }
      },
      {
        "package": "SnapKit",
        "repositoryURL": "https://github.com/SnapKit/SnapKit.git",
        "state": {
          "branch": "develop",
          "revision": "07c5d1f6044701d97e94dc11157259e8811977be",
          "version": null
        }
      }
    ]
  },
  "version": 1
}
